
Microsoft Visual Studio Solution File, Format Version 12.00
# Visual Studio Version 17
VisualStudioVersion = 17.5.002.0
MinimumVisualStudioVersion = 10.0.40219.1
Project("{9A19103F-16F7-4668-BE54-9A1E7A4F7556}") = "aula06", "aula06\aula06.csproj", "{6F45F2F0-2CD2-4D58-A37B-7EB2AEFDE71F}"
EndProject
Project("{9A19103F-16F7-4668-BE54-9A1E7A4F7556}") = "aula07", "aula07\aula07.csproj", "{4B96FE77-DC9D-4701-9CD1-E71B166B9B01}"
EndProject
Project("{9A19103F-16F7-4668-BE54-9A1E7A4F7556}") = "aula04", "aula04\aula04.csproj", "{D2BB6667-A9C9-4CDB-87ED-2C5BE31CE02B}"
EndProject
Project("{9A19103F-16F7-4668-BE54-9A1E7A4F7556}") = "aula05", "aula05\aula05.csproj", "{BCAADCCE-569E-46F6-9C32-326627455443}"
EndProject
Project("{9A19103F-16F7-4668-BE54-9A1E7A4F7556}") = "aula08", "aula08\aula08.csproj", "{CC251FAF-7F5F-4BBC-A87F-024409526A2F}"
EndProject
Project("{9A19103F-16F7-4668-BE54-9A1E7A4F7556}") = "aula01", "aula01\aula01.csproj", "{8070AF71-29E5-4B86-B5C0-349FC7024924}"
EndProject
Global
	GlobalSection(SolutionConfigurationPlatforms) = preSolution
		Debug|Any CPU = Debug|Any CPU
		Release|Any CPU = Release|Any CPU
	EndGlobalSection
	GlobalSection(ProjectConfigurationPlatforms) = postSolution
		{6F45F2F0-2CD2-4D58-A37B-7EB2AEFDE71F}.Debug|Any CPU.ActiveCfg = Debug|Any CPU
		{6F45F2F0-2CD2-4D58-A37B-7EB2AEFDE71F}.Debug|Any CPU.Build.0 = Debug|Any CPU
		{6F45F2F0-2CD2-4D58-A37B-7EB2AEFDE71F}.Release|Any CPU.ActiveCfg = Release|Any CPU
		{6F45F2F0-2CD2-4D58-A37B-7EB2AEFDE71F}.Release|Any CPU.Build.0 = Release|Any CPU
		{4B96FE77-DC9D-4701-9CD1-E71B166B9B01}.Debug|Any CPU.ActiveCfg = Debug|Any CPU
		{4B96FE77-DC9D-4701-9CD1-E71B166B9B01}.Debug|Any CPU.Build.0 = Debug|Any CPU
		{4B96FE77-DC9D-4701-9CD1-E71B166B9B01}.Release|Any CPU.ActiveCfg = Release|Any CPU
		{4B96FE77-DC9D-4701-9CD1-E71B166B9B01}.Release|Any CPU.Build.0 = Release|Any CPU
		{D2BB6667-A9C9-4CDB-87ED-2C5BE31CE02B}.Debug|Any CPU.ActiveCfg = Debug|Any CPU
		{D2BB6667-A9C9-4CDB-87ED-2C5BE31CE02B}.Debug|Any CPU.Build.0 = Debug|Any CPU
		{D2BB6667-A9C9-4CDB-87ED-2C5BE31CE02B}.Release|Any CPU.ActiveCfg = Release|Any CPU
		{D2BB6667-A9C9-4CDB-87ED-2C5BE31CE02B}.Release|Any CPU.Build.0 = Release|Any CPU
		{BCAADCCE-569E-46F6-9C32-326627455443}.Debug|Any CPU.ActiveCfg = Debug|Any CPU
		{BCAADCCE-569E-46F6-9C32-326627455443}.Debug|Any CPU.Build.0 = Debug|Any CPU
		{BCAADCCE-569E-46F6-9C32-326627455443}.Release|Any CPU.ActiveCfg = Release|Any CPU
		{BCAADCCE-569E-46F6-9C32-326627455443}.Release|Any CPU.Build.0 = Release|Any CPU
		{CC251FAF-7F5F-4BBC-A87F-024409526A2F}.Debug|Any CPU.ActiveCfg = Debug|Any CPU
		{CC251FAF-7F5F-4BBC-A87F-024409526A2F}.Debug|Any CPU.Build.0 = Debug|Any CPU
		{CC251FAF-7F5F-4BBC-A87F-024409526A2F}.Release|Any CPU.ActiveCfg = Release|Any CPU
		{CC251FAF-7F5F-4BBC-A87F-024409526A2F}.Release|Any CPU.Build.0 = Release|Any CPU
		{8070AF71-29E5-4B86-B5C0-349FC7024924}.Debug|Any CPU.ActiveCfg = Debug|Any CPU
		{8070AF71-29E5-4B86-B5C0-349FC7024924}.Debug|Any CPU.Build.0 = Debug|Any CPU
		{8070AF71-29E5-4B86-B5C0-349FC7024924}.Release|Any CPU.ActiveCfg = Release|Any CPU
		{8070AF71-29E5-4B86-B5C0-349FC7024924}.Release|Any CPU.Build.0 = Release|Any CPU
	EndGlobalSection
	GlobalSection(SolutionProperties) = preSolution
		HideSolutionNode = FALSE
	EndGlobalSection
	GlobalSection(ExtensibilityGlobals) = postSolution
		SolutionGuid = {7C2F6D0C-4EE0-48AF-9944-4429CBA23280}
	EndGlobalSection
EndGlobal
